# THIS IS AN AUTOGENERATED FILE. DO NOT EDIT THIS FILE DIRECTLY.
# yarn lockfile v1


"@octetstream/promisify@2.0.2":
  version "2.0.2"
  resolved "https://registry.yarnpkg.com/@octetstream/promisify/-/promisify-2.0.2.tgz#29ac3bd7aefba646db670227f895d812c1a19615"
  integrity sha512-7XHoRB61hxsz8lBQrjC1tq/3OEIgpvGWg6DKAdwi7WRzruwkmsdwmOoUXbU4Dtd4RSOMDwed0SkP3y8UlMt1Bg==

argparse@^2.0.1:
  version "2.0.1"
  resolved "https://registry.yarnpkg.com/argparse/-/argparse-2.0.1.tgz#246f50f3ca78a3240f6c997e8a9bd1eac49e4b38"
  integrity sha512-8+9WqebbFzpX9OR+Wa6O29asIogeRMzcGtAINdpMHHyAg10f05aSFVBbcEqGf/PXw1EjAZ+q2/bEBg3DvurK3Q==

co@4.6.0:
  version "4.6.0"
  resolved "https://registry.yarnpkg.com/co/-/co-4.6.0.tgz#6ea6bdf3d853ae54ccb8e47bfa0bf3f9031fb184"
  integrity sha512-QVb0dM5HvG+uaxitm8wONl7jltx8dqhfU33DcqtOZcLSVIKSDDLDi7+0LbAKiyI8hD9u42m2YxXSkMGWThaecQ==

js-yaml@^4.1.0:
  version "4.1.0"
  resolved "https://registry.yarnpkg.com/js-yaml/-/js-yaml-4.1.0.tgz#c1fb65f8f5017901cdd2c951864ba18458a10602"
  integrity sha512-wpxZs9NoxZaJESJGIZTyDEaYpl0FKSA+FB9aJiyemKhMwkxQg63h4T1KJgUGHpTqPDNRcmmYLugrRjJlBtWvRA==
  dependencies:
    argparse "^2.0.1"

junk@3.1.0:
  version "3.1.0"
  resolved "https://registry.yarnpkg.com/junk/-/junk-3.1.0.tgz#31499098d902b7e98c5d9b9c80f43457a88abfa1"
  integrity sha512-pBxcB3LFc8QVgdggvZWyeys+hnrNWg4OcZIU/1X59k5jQdLBlCsYGRQaz234SqoRLTCgMH00fY0xRJH+F9METQ==

node-yaml@^4.0.1:
  version "4.0.1"
  resolved "https://registry.yarnpkg.com/node-yaml/-/node-yaml-4.0.1.tgz#3675d27c275fbea9c02e2b0faa18bb1699444cb3"
  integrity sha512-ZPKi3OexXdiklsRW9g4P7jAxHAhoBRZCFmIDMQ89clLhMz+MTJuCM9y5f1R7Ru75H84hWJouwpxVOq1SdRTe7A==
  dependencies:
    co "4.6.0"
    junk "3.1.0"
    promise-fs "2.1.1"

promise-fs@2.1.1:
  version "2.1.1"
  resolved "https://registry.yarnpkg.com/promise-fs/-/promise-fs-2.1.1.tgz#0b725a592c165ff16157d1f13640ba390637e557"
  integrity sha512-43p7e4QzAQ3w6eyN0+gbBL7jXiZFWLWYITg9wIObqkBySu/a5K1EDcQ/S6UyB/bmiZWDA4NjTbcopKLTaKcGSw==
  dependencies:
    "@octetstream/promisify" "2.0.2"
